
Microsoft Visual Studio Solution File, Format Version 12.00
# Visual Studio Version 16
VisualStudioVersion = 16.0.29613.14
MinimumVisualStudioVersion = 10.0.40219.1
Project("{FAE04EC0-301F-11D3-BF4B-00C04F79EFBC}") = "Talentos.Senai", "Talentos.Senai\Talentos.Senai.csproj", "{0832642E-27A9-4AE4-AF7B-02FCF693137C}"
EndProject
Global
	GlobalSection(SolutionConfigurationPlatforms) = preSolution
		Debug|Any CPU = Debug|Any CPU
		Release|Any CPU = Release|Any CPU
	EndGlobalSection
	GlobalSection(ProjectConfigurationPlatforms) = postSolution
		{0832642E-27A9-4AE4-AF7B-02FCF693137C}.Debug|Any CPU.ActiveCfg = Debug|Any CPU
		{0832642E-27A9-4AE4-AF7B-02FCF693137C}.Debug|Any CPU.Build.0 = Debug|Any CPU
		{0832642E-27A9-4AE4-AF7B-02FCF693137C}.Release|Any CPU.ActiveCfg = Release|Any CPU
		{0832642E-27A9-4AE4-AF7B-02FCF693137C}.Release|Any CPU.Build.0 = Release|Any CPU
	EndGlobalSection
	GlobalSection(SolutionProperties) = preSolution
		HideSolutionNode = FALSE
	EndGlobalSection
	GlobalSection(ExtensibilityGlobals) = postSolution
		SolutionGuid = {D90197E3-DDDF-4538-81CE-C84196FBA7FD}
	EndGlobalSection
EndGlobal
